
Microsoft Visual Studio Solution File, Format Version 12.00
# Visual Studio Version 17
VisualStudioVersion = 17.11.35327.3
MinimumVisualStudioVersion = 10.0.40219.1
Project("{FAE04EC0-301F-11D3-BF4B-00C04F79EFBC}") = "proje baslangic", "proje baslangic\proje baslangic.csproj", "{BE10395B-8D9B-4A16-9237-45605799A87B}"
EndProject
Global
	GlobalSection(SolutionConfigurationPlatforms) = preSolution
		Debug|Any CPU = Debug|Any CPU
		Release|Any CPU = Release|Any CPU
	EndGlobalSection
	GlobalSection(ProjectConfigurationPlatforms) = postSolution
		{BE10395B-8D9B-4A16-9237-45605799A87B}.Debug|Any CPU.ActiveCfg = Debug|Any CPU
		{BE10395B-8D9B-4A16-9237-45605799A87B}.Debug|Any CPU.Build.0 = Debug|Any CPU
		{BE10395B-8D9B-4A16-9237-45605799A87B}.Release|Any CPU.ActiveCfg = Release|Any CPU
		{BE10395B-8D9B-4A16-9237-45605799A87B}.Release|Any CPU.Build.0 = Release|Any CPU
	EndGlobalSection
	GlobalSection(SolutionProperties) = preSolution
		HideSolutionNode = FALSE
	EndGlobalSection
	GlobalSection(ExtensibilityGlobals) = postSolution
		SolutionGuid = {B500F3C8-78AA-4F1C-B07C-1B33F1AB97C5}
	EndGlobalSection
EndGlobal
